
Microsoft Visual Studio Solution File, Format Version 12.00
# Visual Studio Version 17
VisualStudioVersion = 17.8.34316.72
MinimumVisualStudioVersion = 10.0.40219.1
Project("{9A19103F-16F7-4668-BE54-9A1E7A4F7556}") = "Embers", "Embers\Embers.csproj", "{C54E6FC4-E690-439E-A9CE-2481383BE12C}"
EndProject
Project("{9A19103F-16F7-4668-BE54-9A1E7A4F7556}") = "Embers.Benchmark", "Embers.Benchmark\Embers.Benchmark.csproj", "{B529B1DA-651F-4775-A66C-8AF988E956C8}"
EndProject
Project("{FAE04EC0-301F-11D3-BF4B-00C04F79EFBC}") = "Embers.IronRubyBenchmark", "Embers.VersusBenchmark\Embers.IronRubyBenchmark.csproj", "{A236FA2D-C707-4D49-8830-E7D40F8CDA03}"
EndProject
Project("{9A19103F-16F7-4668-BE54-9A1E7A4F7556}") = "Embers.Testing", "Embers.Testing\Embers.Testing.csproj", "{8668EF3E-66C5-4A7D-A3A8-C4D37295995C}"
EndProject
Project("{FAE04EC0-301F-11D3-BF4B-00C04F79EFBC}") = "Embers.UnitTests", "Embers.UnitTests\Embers.UnitTests.csproj", "{3C877E7D-29C2-43B1-B662-349D24F42763}"
EndProject
Global
	GlobalSection(SolutionConfigurationPlatforms) = preSolution
		Debug|Any CPU = Debug|Any CPU
		Release|Any CPU = Release|Any CPU
	EndGlobalSection
	GlobalSection(ProjectConfigurationPlatforms) = postSolution
		{C54E6FC4-E690-439E-A9CE-2481383BE12C}.Debug|Any CPU.ActiveCfg = Debug|Any CPU
		{C54E6FC4-E690-439E-A9CE-2481383BE12C}.Debug|Any CPU.Build.0 = Debug|Any CPU
		{C54E6FC4-E690-439E-A9CE-2481383BE12C}.Release|Any CPU.ActiveCfg = Release|Any CPU
		{C54E6FC4-E690-439E-A9CE-2481383BE12C}.Release|Any CPU.Build.0 = Release|Any CPU
		{B529B1DA-651F-4775-A66C-8AF988E956C8}.Debug|Any CPU.ActiveCfg = Debug|Any CPU
		{B529B1DA-651F-4775-A66C-8AF988E956C8}.Debug|Any CPU.Build.0 = Debug|Any CPU
		{B529B1DA-651F-4775-A66C-8AF988E956C8}.Release|Any CPU.ActiveCfg = Release|Any CPU
		{B529B1DA-651F-4775-A66C-8AF988E956C8}.Release|Any CPU.Build.0 = Release|Any CPU
		{A236FA2D-C707-4D49-8830-E7D40F8CDA03}.Debug|Any CPU.ActiveCfg = Debug|Any CPU
		{A236FA2D-C707-4D49-8830-E7D40F8CDA03}.Debug|Any CPU.Build.0 = Debug|Any CPU
		{A236FA2D-C707-4D49-8830-E7D40F8CDA03}.Release|Any CPU.ActiveCfg = Release|Any CPU
		{A236FA2D-C707-4D49-8830-E7D40F8CDA03}.Release|Any CPU.Build.0 = Release|Any CPU
		{8668EF3E-66C5-4A7D-A3A8-C4D37295995C}.Debug|Any CPU.ActiveCfg = Debug|Any CPU
		{8668EF3E-66C5-4A7D-A3A8-C4D37295995C}.Debug|Any CPU.Build.0 = Debug|Any CPU
		{8668EF3E-66C5-4A7D-A3A8-C4D37295995C}.Release|Any CPU.ActiveCfg = Release|Any CPU
		{8668EF3E-66C5-4A7D-A3A8-C4D37295995C}.Release|Any CPU.Build.0 = Release|Any CPU
		{3C877E7D-29C2-43B1-B662-349D24F42763}.Debug|Any CPU.ActiveCfg = Debug|Any CPU
		{3C877E7D-29C2-43B1-B662-349D24F42763}.Debug|Any CPU.Build.0 = Debug|Any CPU
		{3C877E7D-29C2-43B1-B662-349D24F42763}.Release|Any CPU.ActiveCfg = Release|Any CPU
		{3C877E7D-29C2-43B1-B662-349D24F42763}.Release|Any CPU.Build.0 = Release|Any CPU
	EndGlobalSection
	GlobalSection(SolutionProperties) = preSolution
		HideSolutionNode = FALSE
	EndGlobalSection
	GlobalSection(ExtensibilityGlobals) = postSolution
		SolutionGuid = {0FE101E2-C2D4-4583-BB2F-960F6D7A4B43}
	EndGlobalSection
EndGlobal
